
Microsoft Visual Studio Solution File, Format Version 12.00
# Visual Studio 2017
Project("{FAE04EC0-301F-11D3-BF4B-00C04F79EFBC}") = "President Runner", "President Runner.csproj", "{53D1855D-0296-5DD2-C9A4-080ED306A4C8}"
EndProject
Global
	GlobalSection(SolutionConfigurationPlatforms) = preSolution
		Debug|Any CPU = Debug|Any CPU
		Release|Any CPU = Release|Any CPU
	EndGlobalSection
	GlobalSection(ProjectConfigurationPlatforms) = postSolution
		{53D1855D-0296-5DD2-C9A4-080ED306A4C8}.Debug|Any CPU.ActiveCfg = Debug|Any CPU
		{53D1855D-0296-5DD2-C9A4-080ED306A4C8}.Debug|Any CPU.Build.0 = Debug|Any CPU
		{53D1855D-0296-5DD2-C9A4-080ED306A4C8}.Release|Any CPU.ActiveCfg = Release|Any CPU
		{53D1855D-0296-5DD2-C9A4-080ED306A4C8}.Release|Any CPU.Build.0 = Release|Any CPU
	EndGlobalSection
	GlobalSection(SolutionProperties) = preSolution
		HideSolutionNode = FALSE
	EndGlobalSection
EndGlobal
